
Microsoft Visual Studio Solution File, Format Version 12.00
# Visual Studio Version 16
VisualStudioVersion = 16.0.30413.136
MinimumVisualStudioVersion = 10.0.40219.1
Project("{FAE04EC0-301F-11D3-BF4B-00C04F79EFBC}") = "ShoppingCart", "ShoppingCart\ShoppingCart.csproj", "{43646013-7477-4742-9BE1-B9BC31D6F150}"
EndProject
Global
	GlobalSection(SolutionConfigurationPlatforms) = preSolution
		Debug|Any CPU = Debug|Any CPU
		Release|Any CPU = Release|Any CPU
	EndGlobalSection
	GlobalSection(ProjectConfigurationPlatforms) = postSolution
		{43646013-7477-4742-9BE1-B9BC31D6F150}.Debug|Any CPU.ActiveCfg = Debug|Any CPU
		{43646013-7477-4742-9BE1-B9BC31D6F150}.Debug|Any CPU.Build.0 = Debug|Any CPU
		{43646013-7477-4742-9BE1-B9BC31D6F150}.Release|Any CPU.ActiveCfg = Release|Any CPU
		{43646013-7477-4742-9BE1-B9BC31D6F150}.Release|Any CPU.Build.0 = Release|Any CPU
	EndGlobalSection
	GlobalSection(SolutionProperties) = preSolution
		HideSolutionNode = FALSE
	EndGlobalSection
	GlobalSection(ExtensibilityGlobals) = postSolution
		SolutionGuid = {5AF5CC23-632C-4BEA-8714-AEF1643AA085}
	EndGlobalSection
EndGlobal
